
Microsoft Visual Studio Solution File, Format Version 12.00
# Visual Studio Version 16
VisualStudioVersion = 16.0.30621.155
MinimumVisualStudioVersion = 10.0.40219.1
Project("{9A19103F-16F7-4668-BE54-9A1E7A4F7556}") = "CoreMVCTest1", "CoreMVCTest1\CoreMVCTest1.csproj", "{7F2DA755-56A6-4CA4-9515-87A6ADF7ECCF}"
EndProject
Project("{FAE04EC0-301F-11D3-BF4B-00C04F79EFBC}") = "CoreMvcTest1.Tests", "CoreMvcTest1.Tests\CoreMvcTest1.Tests.csproj", "{09A4FDDC-B658-4641-960C-B78EB70BE243}"
EndProject
Global
	GlobalSection(SolutionConfigurationPlatforms) = preSolution
		Debug|Any CPU = Debug|Any CPU
		Release|Any CPU = Release|Any CPU
	EndGlobalSection
	GlobalSection(ProjectConfigurationPlatforms) = postSolution
		{7F2DA755-56A6-4CA4-9515-87A6ADF7ECCF}.Debug|Any CPU.ActiveCfg = Debug|Any CPU
		{7F2DA755-56A6-4CA4-9515-87A6ADF7ECCF}.Debug|Any CPU.Build.0 = Debug|Any CPU
		{7F2DA755-56A6-4CA4-9515-87A6ADF7ECCF}.Release|Any CPU.ActiveCfg = Release|Any CPU
		{7F2DA755-56A6-4CA4-9515-87A6ADF7ECCF}.Release|Any CPU.Build.0 = Release|Any CPU
		{09A4FDDC-B658-4641-960C-B78EB70BE243}.Debug|Any CPU.ActiveCfg = Debug|Any CPU
		{09A4FDDC-B658-4641-960C-B78EB70BE243}.Debug|Any CPU.Build.0 = Debug|Any CPU
		{09A4FDDC-B658-4641-960C-B78EB70BE243}.Release|Any CPU.ActiveCfg = Release|Any CPU
		{09A4FDDC-B658-4641-960C-B78EB70BE243}.Release|Any CPU.Build.0 = Release|Any CPU
	EndGlobalSection
	GlobalSection(SolutionProperties) = preSolution
		HideSolutionNode = FALSE
	EndGlobalSection
	GlobalSection(ExtensibilityGlobals) = postSolution
		SolutionGuid = {4971E982-5F59-4422-959D-9918178F462F}
	EndGlobalSection
EndGlobal
